
Microsoft Visual Studio Solution File, Format Version 12.00
# Visual Studio Version 16
VisualStudioVersion = 16.0.30523.141
MinimumVisualStudioVersion = 10.0.40219.1
Project("{9A19103F-16F7-4668-BE54-9A1E7A4F7556}") = "web", "web\web.csproj", "{085330DD-6F20-4D84-B74E-C9E2E927B2FF}"
EndProject
Project("{2150E333-8FDC-42A3-9474-1A3956D46DE8}") = "artifacts", "artifacts", "{5C83F2DD-76F1-4F66-9B98-5E39BBB159F5}"
	ProjectSection(SolutionItems) = preProject
		..\.gitignore = ..\.gitignore
	EndProjectSection
EndProject
Project("{9A19103F-16F7-4668-BE54-9A1E7A4F7556}") = "tests", "tests\tests.csproj", "{287CBC46-65D1-42FC-A6A7-62CF4984BA1B}"
EndProject
Global
	GlobalSection(SolutionConfigurationPlatforms) = preSolution
		Debug|Any CPU = Debug|Any CPU
		Linqpad|Any CPU = Linqpad|Any CPU
		Release|Any CPU = Release|Any CPU
	EndGlobalSection
	GlobalSection(ProjectConfigurationPlatforms) = postSolution
		{085330DD-6F20-4D84-B74E-C9E2E927B2FF}.Debug|Any CPU.ActiveCfg = Debug|Any CPU
		{085330DD-6F20-4D84-B74E-C9E2E927B2FF}.Debug|Any CPU.Build.0 = Debug|Any CPU
		{085330DD-6F20-4D84-B74E-C9E2E927B2FF}.Linqpad|Any CPU.ActiveCfg = Linqpad|Any CPU
		{085330DD-6F20-4D84-B74E-C9E2E927B2FF}.Linqpad|Any CPU.Build.0 = Linqpad|Any CPU
		{085330DD-6F20-4D84-B74E-C9E2E927B2FF}.Release|Any CPU.ActiveCfg = Release|Any CPU
		{085330DD-6F20-4D84-B74E-C9E2E927B2FF}.Release|Any CPU.Build.0 = Release|Any CPU
		{287CBC46-65D1-42FC-A6A7-62CF4984BA1B}.Debug|Any CPU.ActiveCfg = Debug|Any CPU
		{287CBC46-65D1-42FC-A6A7-62CF4984BA1B}.Debug|Any CPU.Build.0 = Debug|Any CPU
		{287CBC46-65D1-42FC-A6A7-62CF4984BA1B}.Linqpad|Any CPU.ActiveCfg = Linqpad|Any CPU
		{287CBC46-65D1-42FC-A6A7-62CF4984BA1B}.Linqpad|Any CPU.Build.0 = Linqpad|Any CPU
		{287CBC46-65D1-42FC-A6A7-62CF4984BA1B}.Release|Any CPU.ActiveCfg = Release|Any CPU
		{287CBC46-65D1-42FC-A6A7-62CF4984BA1B}.Release|Any CPU.Build.0 = Release|Any CPU
	EndGlobalSection
	GlobalSection(SolutionProperties) = preSolution
		HideSolutionNode = FALSE
	EndGlobalSection
	GlobalSection(ExtensibilityGlobals) = postSolution
		SolutionGuid = {F8309563-DE77-4AD5-84AC-E9AE22CCE534}
	EndGlobalSection
EndGlobal
